
Microsoft Visual Studio Solution File, Format Version 12.00
# Visual Studio Version 17
VisualStudioVersion = 17.4.33122.133
MinimumVisualStudioVersion = 10.0.40219.1
Project("{FAE04EC0-301F-11D3-BF4B-00C04F79EFBC}") = "1) Kutuphane proje", "1) Kutuphane proje\1) Kutuphane proje.csproj", "{8CA740CD-EFB6-41A7-9E34-BBE90BC979C0}"
EndProject
Global
	GlobalSection(SolutionConfigurationPlatforms) = preSolution
		Debug|Any CPU = Debug|Any CPU
		Release|Any CPU = Release|Any CPU
	EndGlobalSection
	GlobalSection(ProjectConfigurationPlatforms) = postSolution
		{8CA740CD-EFB6-41A7-9E34-BBE90BC979C0}.Debug|Any CPU.ActiveCfg = Debug|Any CPU
		{8CA740CD-EFB6-41A7-9E34-BBE90BC979C0}.Debug|Any CPU.Build.0 = Debug|Any CPU
		{8CA740CD-EFB6-41A7-9E34-BBE90BC979C0}.Release|Any CPU.ActiveCfg = Release|Any CPU
		{8CA740CD-EFB6-41A7-9E34-BBE90BC979C0}.Release|Any CPU.Build.0 = Release|Any CPU
	EndGlobalSection
	GlobalSection(SolutionProperties) = preSolution
		HideSolutionNode = FALSE
	EndGlobalSection
	GlobalSection(ExtensibilityGlobals) = postSolution
		SolutionGuid = {CACFBAE3-FF04-41C0-BB47-5FEE57FB9574}
	EndGlobalSection
EndGlobal
